
Microsoft Visual Studio Solution File, Format Version 12.00
# Visual Studio Version 16
VisualStudioVersion = 16.0.30011.22
MinimumVisualStudioVersion = 10.0.40219.1
Project("{9A19103F-16F7-4668-BE54-9A1E7A4F7556}") = "DatingApp.API", "DatingApp.API.csproj", "{9150620C-18C9-4649-A941-0273D1ADBD2A}"
EndProject
Project("{E24C65DC-7377-472B-9ABA-BC803B73C61A}") = "DatingApp-SPA", "..\DatingApp-SPA\", "{3950B7AA-1D29-404B-A154-3A6F863A7CAF}"
	ProjectSection(WebsiteProperties) = preProject
		TargetFrameworkMoniker = ".NETFramework,Version%3Dv4.0"
		Debug.AspNetCompiler.VirtualPath = "/localhost_65135"
		Debug.AspNetCompiler.PhysicalPath = "..\DatingApp-SPA\"
		Debug.AspNetCompiler.TargetPath = "PrecompiledWeb\localhost_65135\"
		Debug.AspNetCompiler.Updateable = "true"
		Debug.AspNetCompiler.ForceOverwrite = "true"
		Debug.AspNetCompiler.FixedNames = "false"
		Debug.AspNetCompiler.Debug = "True"
		Release.AspNetCompiler.VirtualPath = "/localhost_65135"
		Release.AspNetCompiler.PhysicalPath = "..\DatingApp-SPA\"
		Release.AspNetCompiler.TargetPath = "PrecompiledWeb\localhost_65135\"
		Release.AspNetCompiler.Updateable = "true"
		Release.AspNetCompiler.ForceOverwrite = "true"
		Release.AspNetCompiler.FixedNames = "false"
		Release.AspNetCompiler.Debug = "False"
		VWDPort = "65135"
		SlnRelativePath = "..\DatingApp-SPA\"
	EndProjectSection
EndProject
Global
	GlobalSection(SolutionConfigurationPlatforms) = preSolution
		Debug|Any CPU = Debug|Any CPU
		Release|Any CPU = Release|Any CPU
	EndGlobalSection
	GlobalSection(ProjectConfigurationPlatforms) = postSolution
		{9150620C-18C9-4649-A941-0273D1ADBD2A}.Debug|Any CPU.ActiveCfg = Debug|Any CPU
		{9150620C-18C9-4649-A941-0273D1ADBD2A}.Debug|Any CPU.Build.0 = Debug|Any CPU
		{9150620C-18C9-4649-A941-0273D1ADBD2A}.Release|Any CPU.ActiveCfg = Release|Any CPU
		{9150620C-18C9-4649-A941-0273D1ADBD2A}.Release|Any CPU.Build.0 = Release|Any CPU
		{3950B7AA-1D29-404B-A154-3A6F863A7CAF}.Debug|Any CPU.ActiveCfg = Debug|Any CPU
		{3950B7AA-1D29-404B-A154-3A6F863A7CAF}.Debug|Any CPU.Build.0 = Debug|Any CPU
		{3950B7AA-1D29-404B-A154-3A6F863A7CAF}.Release|Any CPU.ActiveCfg = Debug|Any CPU
		{3950B7AA-1D29-404B-A154-3A6F863A7CAF}.Release|Any CPU.Build.0 = Debug|Any CPU
	EndGlobalSection
	GlobalSection(SolutionProperties) = preSolution
		HideSolutionNode = FALSE
	EndGlobalSection
	GlobalSection(ExtensibilityGlobals) = postSolution
		SolutionGuid = {4E3C2D4E-125D-4DC2-AE28-77AD8B50E58E}
	EndGlobalSection
EndGlobal
